
Microsoft Visual Studio Solution File, Format Version 12.00
# Visual Studio 2013
VisualStudioVersion = 12.0.31101.0
MinimumVisualStudioVersion = 10.0.40219.1
Project("{FAE04EC0-301F-11D3-BF4B-00C04F79EFBC}") = "ModCMZ", "ModCMZ\ModCMZ.csproj", "{59C76455-5E1F-431C-A361-3AAF83134C92}"
EndProject
Project("{FAE04EC0-301F-11D3-BF4B-00C04F79EFBC}") = "ModCMZ.Bootstrap", "ModCMZ.Bootstrap\ModCMZ.Bootstrap.csproj", "{07AF8488-F313-4A9F-BE11-D9B07CCD67A4}"
EndProject
Project("{FAE04EC0-301F-11D3-BF4B-00C04F79EFBC}") = "ModCMZ.AssetAnalyzer", "ModCMZ.AssetAnalyzer\ModCMZ.AssetAnalyzer.csproj", "{0AFED5C9-21F9-4045-9BD9-F71CCB21DB29}"
EndProject
Project("{FAE04EC0-301F-11D3-BF4B-00C04F79EFBC}") = "ModCMZ.Mods.Basic", "ModCMZ.Mods.Basic\ModCMZ.Mods.Basic.csproj", "{CEA020C8-5C5B-4C09-8BEA-A2CEA0298EB6}"
EndProject
Project("{FAE04EC0-301F-11D3-BF4B-00C04F79EFBC}") = "ModCMZ.Core", "ModCMZ.Core\ModCMZ.Core.csproj", "{0D9A01E5-1B7D-47BB-A3B3-ADC9098DAD8E}"
EndProject
Global
	GlobalSection(SolutionConfigurationPlatforms) = preSolution
		Debug|Any CPU = Debug|Any CPU
		Debug|x86 = Debug|x86
		Release|Any CPU = Release|Any CPU
		Release|x86 = Release|x86
	EndGlobalSection
	GlobalSection(ProjectConfigurationPlatforms) = postSolution
		{59C76455-5E1F-431C-A361-3AAF83134C92}.Debug|Any CPU.ActiveCfg = Debug|x86
		{59C76455-5E1F-431C-A361-3AAF83134C92}.Debug|Any CPU.Build.0 = Debug|x86
		{59C76455-5E1F-431C-A361-3AAF83134C92}.Debug|x86.ActiveCfg = Debug|x86
		{59C76455-5E1F-431C-A361-3AAF83134C92}.Debug|x86.Build.0 = Debug|x86
		{59C76455-5E1F-431C-A361-3AAF83134C92}.Release|Any CPU.ActiveCfg = Release|x86
		{59C76455-5E1F-431C-A361-3AAF83134C92}.Release|Any CPU.Build.0 = Release|x86
		{59C76455-5E1F-431C-A361-3AAF83134C92}.Release|x86.ActiveCfg = Release|x86
		{59C76455-5E1F-431C-A361-3AAF83134C92}.Release|x86.Build.0 = Release|x86
		{07AF8488-F313-4A9F-BE11-D9B07CCD67A4}.Debug|Any CPU.ActiveCfg = Debug|Any CPU
		{07AF8488-F313-4A9F-BE11-D9B07CCD67A4}.Debug|Any CPU.Build.0 = Debug|Any CPU
		{07AF8488-F313-4A9F-BE11-D9B07CCD67A4}.Debug|x86.ActiveCfg = Debug|x86
		{07AF8488-F313-4A9F-BE11-D9B07CCD67A4}.Debug|x86.Build.0 = Debug|x86
		{07AF8488-F313-4A9F-BE11-D9B07CCD67A4}.Release|Any CPU.ActiveCfg = Release|Any CPU
		{07AF8488-F313-4A9F-BE11-D9B07CCD67A4}.Release|Any CPU.Build.0 = Release|Any CPU
		{07AF8488-F313-4A9F-BE11-D9B07CCD67A4}.Release|x86.ActiveCfg = Release|Any CPU
		{0AFED5C9-21F9-4045-9BD9-F71CCB21DB29}.Debug|Any CPU.ActiveCfg = Debug|Any CPU
		{0AFED5C9-21F9-4045-9BD9-F71CCB21DB29}.Debug|Any CPU.Build.0 = Debug|Any CPU
		{0AFED5C9-21F9-4045-9BD9-F71CCB21DB29}.Debug|x86.ActiveCfg = Debug|x86
		{0AFED5C9-21F9-4045-9BD9-F71CCB21DB29}.Debug|x86.Build.0 = Debug|x86
		{0AFED5C9-21F9-4045-9BD9-F71CCB21DB29}.Release|Any CPU.ActiveCfg = Release|Any CPU
		{0AFED5C9-21F9-4045-9BD9-F71CCB21DB29}.Release|Any CPU.Build.0 = Release|Any CPU
		{0AFED5C9-21F9-4045-9BD9-F71CCB21DB29}.Release|x86.ActiveCfg = Release|Any CPU
		{CEA020C8-5C5B-4C09-8BEA-A2CEA0298EB6}.Debug|Any CPU.ActiveCfg = Debug|Any CPU
		{CEA020C8-5C5B-4C09-8BEA-A2CEA0298EB6}.Debug|Any CPU.Build.0 = Debug|Any CPU
		{CEA020C8-5C5B-4C09-8BEA-A2CEA0298EB6}.Debug|x86.ActiveCfg = Debug|x86
		{CEA020C8-5C5B-4C09-8BEA-A2CEA0298EB6}.Debug|x86.Build.0 = Debug|x86
		{CEA020C8-5C5B-4C09-8BEA-A2CEA0298EB6}.Release|Any CPU.ActiveCfg = Release|Any CPU
		{CEA020C8-5C5B-4C09-8BEA-A2CEA0298EB6}.Release|Any CPU.Build.0 = Release|Any CPU
		{CEA020C8-5C5B-4C09-8BEA-A2CEA0298EB6}.Release|x86.ActiveCfg = Release|Any CPU
		{0D9A01E5-1B7D-47BB-A3B3-ADC9098DAD8E}.Debug|Any CPU.ActiveCfg = Debug|Any CPU
		{0D9A01E5-1B7D-47BB-A3B3-ADC9098DAD8E}.Debug|Any CPU.Build.0 = Debug|Any CPU
		{0D9A01E5-1B7D-47BB-A3B3-ADC9098DAD8E}.Debug|x86.ActiveCfg = Debug|x86
		{0D9A01E5-1B7D-47BB-A3B3-ADC9098DAD8E}.Debug|x86.Build.0 = Debug|x86
		{0D9A01E5-1B7D-47BB-A3B3-ADC9098DAD8E}.Release|Any CPU.ActiveCfg = Release|Any CPU
		{0D9A01E5-1B7D-47BB-A3B3-ADC9098DAD8E}.Release|Any CPU.Build.0 = Release|Any CPU
		{0D9A01E5-1B7D-47BB-A3B3-ADC9098DAD8E}.Release|x86.ActiveCfg = Release|Any CPU
	EndGlobalSection
	GlobalSection(SolutionProperties) = preSolution
		HideSolutionNode = FALSE
	EndGlobalSection
EndGlobal
